
Microsoft Visual Studio Solution File, Format Version 12.00
# Visual Studio 2013
VisualStudioVersion = 12.0.21005.1
MinimumVisualStudioVersion = 10.0.40219.1
Project("{FAE04EC0-301F-11D3-BF4B-00C04F79EFBC}") = "OsmSharp.Service.Tiles", "OsmSharp.Service.Tiles\OsmSharp.Service.Tiles.csproj", "{9BA21C41-B0D7-4F66-B199-495F812CCD73}"
EndProject
Project("{FAE04EC0-301F-11D3-BF4B-00C04F79EFBC}") = "OsmSharp.Service.Tiles.Nancy", "OsmSharp.Service.Tiles.Nancy\OsmSharp.Service.Tiles.Nancy.csproj", "{788FE1FD-84E8-4049-B963-101500F65BA4}"
EndProject
Project("{FAE04EC0-301F-11D3-BF4B-00C04F79EFBC}") = "OsmSharp.Service.Tiles.Nancy.SelfHost", "OsmSharp.Service.Tiles.Nancy.SelfHost\OsmSharp.Service.Tiles.Nancy.SelfHost.csproj", "{00D55298-C727-408E-B17A-66C0C3D62EF2}"
EndProject
Global
	GlobalSection(SolutionConfigurationPlatforms) = preSolution
		Debug|Any CPU = Debug|Any CPU
		Release|Any CPU = Release|Any CPU
	EndGlobalSection
	GlobalSection(ProjectConfigurationPlatforms) = postSolution
		{9BA21C41-B0D7-4F66-B199-495F812CCD73}.Debug|Any CPU.ActiveCfg = Debug|Any CPU
		{9BA21C41-B0D7-4F66-B199-495F812CCD73}.Debug|Any CPU.Build.0 = Debug|Any CPU
		{9BA21C41-B0D7-4F66-B199-495F812CCD73}.Release|Any CPU.ActiveCfg = Release|Any CPU
		{9BA21C41-B0D7-4F66-B199-495F812CCD73}.Release|Any CPU.Build.0 = Release|Any CPU
		{788FE1FD-84E8-4049-B963-101500F65BA4}.Debug|Any CPU.ActiveCfg = Debug|Any CPU
		{788FE1FD-84E8-4049-B963-101500F65BA4}.Debug|Any CPU.Build.0 = Debug|Any CPU
		{788FE1FD-84E8-4049-B963-101500F65BA4}.Release|Any CPU.ActiveCfg = Release|Any CPU
		{788FE1FD-84E8-4049-B963-101500F65BA4}.Release|Any CPU.Build.0 = Release|Any CPU
		{00D55298-C727-408E-B17A-66C0C3D62EF2}.Debug|Any CPU.ActiveCfg = Debug|Any CPU
		{00D55298-C727-408E-B17A-66C0C3D62EF2}.Debug|Any CPU.Build.0 = Debug|Any CPU
		{00D55298-C727-408E-B17A-66C0C3D62EF2}.Release|Any CPU.ActiveCfg = Release|Any CPU
		{00D55298-C727-408E-B17A-66C0C3D62EF2}.Release|Any CPU.Build.0 = Release|Any CPU
	EndGlobalSection
	GlobalSection(SolutionProperties) = preSolution
		HideSolutionNode = FALSE
	EndGlobalSection
EndGlobal
